// !$*UTF8*$!
{
	archiveVersion = 1;
	classes = {
	};
	objectVersion = 50;
	objects = {

/* Begin PBXBuildFile section */
		8C229142213211ED00705827 /* AutoEquatable.swift in Sources */ = {isa = PBXBuildFile; fileRef = 8C229141213211ED00705827 /* AutoEquatable.swift */; };
		8C2291442132137900705827 /* NewsMiddleware.swift in Sources */ = {isa = PBXBuildFile; fileRef = 8C2291432132137900705827 /* NewsMiddleware.swift */; };
		8C2291462132371700705827 /* NewsActions.swift in Sources */ = {isa = PBXBuildFile; fileRef = 8C2291452132371700705827 /* NewsActions.swift */; };
		8C2291482132395200705827 /* RedditMiddleware.swift in Sources */ = {isa = PBXBuildFile; fileRef = 8C2291472132395200705827 /* RedditMiddleware.swift */; };
		8C22914A21323A2900705827 /* RedditActions.swift in Sources */ = {isa = PBXBuildFile; fileRef = 8C22914921323A2900705827 /* RedditActions.swift */; };
		8C22914D2132410800705827 /* RedditListing.swift in Sources */ = {isa = PBXBuildFile; fileRef = 8C22914C2132410800705827 /* RedditListing.swift */; };
		8C22914F2132454500705827 /* RedditListings.swift in Sources */ = {isa = PBXBuildFile; fileRef = 8C22914E2132454500705827 /* RedditListings.swift */; };
		8CCEE7DE213076ED007B6261 /* AppDelegate.swift in Sources */ = {isa = PBXBuildFile; fileRef = 8CCEE7DD213076ED007B6261 /* AppDelegate.swift */; };
		8CCEE7E0213076ED007B6261 /* ViewController.swift in Sources */ = {isa = PBXBuildFile; fileRef = 8CCEE7DF213076ED007B6261 /* ViewController.swift */; };
		8CCEE7E3213076ED007B6261 /* Main.storyboard in Resources */ = {isa = PBXBuildFile; fileRef = 8CCEE7E1213076ED007B6261 /* Main.storyboard */; };
		8CCEE7E6213076ED007B6261 /* HesiJimbo.xcdatamodeld in Sources */ = {isa = PBXBuildFile; fileRef = 8CCEE7E4213076ED007B6261 /* HesiJimbo.xcdatamodeld */; };
		8CCEE7E8213076EE007B6261 /* Assets.xcassets in Resources */ = {isa = PBXBuildFile; fileRef = 8CCEE7E7213076EE007B6261 /* Assets.xcassets */; };
		8CCEE7EB213076EE007B6261 /* LaunchScreen.storyboard in Resources */ = {isa = PBXBuildFile; fileRef = 8CCEE7E9213076EE007B6261 /* LaunchScreen.storyboard */; };
		8CCEE801213076EF007B6261 /* HesiJimboUITests.swift in Sources */ = {isa = PBXBuildFile; fileRef = 8CCEE800213076EF007B6261 /* HesiJimboUITests.swift */; };
		8CCEE8102130804C007B6261 /* ReSwift.framework in Frameworks */ = {isa = PBXBuildFile; fileRef = 8CCEE80F2130804C007B6261 /* ReSwift.framework */; };
		8CCEE81421308268007B6261 /* StoreCreator.swift in Sources */ = {isa = PBXBuildFile; fileRef = 8CCEE81321308268007B6261 /* StoreCreator.swift */; };
		8CCEE817213084B4007B6261 /* NewsReducer.swift in Sources */ = {isa = PBXBuildFile; fileRef = 8CCEE816213084B4007B6261 /* NewsReducer.swift */; };
		8CCEE81D21308C7C007B6261 /* ImmutableStruct.swift in Sources */ = {isa = PBXBuildFile; fileRef = 8CCEE81C21308C7C007B6261 /* ImmutableStruct.swift */; };
		8CCEE81F21309463007B6261 /* ImmutableStruct.generated.swift in Sources */ = {isa = PBXBuildFile; fileRef = 8CCEE81E21309463007B6261 /* ImmutableStruct.generated.swift */; };
		8CCEE82121309646007B6261 /* News.swift in Sources */ = {isa = PBXBuildFile; fileRef = 8CCEE82021309646007B6261 /* News.swift */; };
		8CCEE82321309A86007B6261 /* NewsReducerTests.swift in Sources */ = {isa = PBXBuildFile; fileRef = 8CCEE82221309A86007B6261 /* NewsReducerTests.swift */; };
		8CCEE82521309D9E007B6261 /* AutoEquatable.generated.swift in Sources */ = {isa = PBXBuildFile; fileRef = 8CCEE82421309D9E007B6261 /* AutoEquatable.generated.swift */; };
/* End PBXBuildFile section */

/* Begin PBXContainerItemProxy section */
		8CCEE7F2213076EF007B6261 /* PBXContainerItemProxy */ = {
			isa = PBXContainerItemProxy;
			containerPortal = 8CCEE7D2213076ED007B6261 /* Project object */;
			proxyType = 1;
			remoteGlobalIDString = 8CCEE7D9213076ED007B6261;
			remoteInfo = HesiJimbo;
		};
		8CCEE7FD213076EF007B6261 /* PBXContainerItemProxy */ = {
			isa = PBXContainerItemProxy;
			containerPortal = 8CCEE7D2213076ED007B6261 /* Project object */;
			proxyType = 1;
			remoteGlobalIDString = 8CCEE7D9213076ED007B6261;
			remoteInfo = HesiJimbo;
		};
/* End PBXContainerItemProxy section */

/* Begin PBXFileReference section */
		8C229141213211ED00705827 /* AutoEquatable.swift */ = {isa = PBXFileReference; lastKnownFileType = sourcecode.swift; path = AutoEquatable.swift; sourceTree = "<group>"; };
		8C2291432132137900705827 /* NewsMiddleware.swift */ = {isa = PBXFileReference; lastKnownFileType = sourcecode.swift; path = NewsMiddleware.swift; sourceTree = "<group>"; };
		8C2291452132371700705827 /* NewsActions.swift */ = {isa = PBXFileReference; lastKnownFileType = sourcecode.swift; path = NewsActions.swift; sourceTree = "<group>"; };
		8C2291472132395200705827 /* RedditMiddleware.swift */ = {isa = PBXFileReference; lastKnownFileType = sourcecode.swift; path = RedditMiddleware.swift; sourceTree = "<group>"; };
		8C22914921323A2900705827 /* RedditActions.swift */ = {isa = PBXFileReference; lastKnownFileType = sourcecode.swift; path = RedditActions.swift; sourceTree = "<group>"; };
		8C22914C2132410800705827 /* RedditListing.swift */ = {isa = PBXFileReference; lastKnownFileType = sourcecode.swift; path = RedditListing.swift; sourceTree = "<group>"; };
		8C22914E2132454500705827 /* RedditListings.swift */ = {isa = PBXFileReference; lastKnownFileType = sourcecode.swift; path = RedditListings.swift; sourceTree = "<group>"; };
		8CCEE7DA213076ED007B6261 /* HesiJimbo.app */ = {isa = PBXFileReference; explicitFileType = wrapper.application; includeInIndex = 0; path = HesiJimbo.app; sourceTree = BUILT_PRODUCTS_DIR; };
		8CCEE7DD213076ED007B6261 /* AppDelegate.swift */ = {isa = PBXFileReference; lastKnownFileType = sourcecode.swift; path = AppDelegate.swift; sourceTree = "<group>"; };
		8CCEE7DF213076ED007B6261 /* ViewController.swift */ = {isa = PBXFileReference; lastKnownFileType = sourcecode.swift; path = ViewController.swift; sourceTree = "<group>"; };
		8CCEE7E2213076ED007B6261 /* Base */ = {isa = PBXFileReference; lastKnownFileType = file.storyboard; name = Base; path = Base.lproj/Main.storyboard; sourceTree = "<group>"; };
		8CCEE7E5213076ED007B6261 /* HesiJimbo.xcdatamodel */ = {isa = PBXFileReference; lastKnownFileType = wrapper.xcdatamodel; path = HesiJimbo.xcdatamodel; sourceTree = "<group>"; };
		8CCEE7E7213076EE007B6261 /* Assets.xcassets */ = {isa = PBXFileReference; lastKnownFileType = folder.assetcatalog; path = Assets.xcassets; sourceTree = "<group>"; };
		8CCEE7EA213076EE007B6261 /* Base */ = {isa = PBXFileReference; lastKnownFileType = file.storyboard; name = Base; path = Base.lproj/LaunchScreen.storyboard; sourceTree = "<group>"; };
		8CCEE7EC213076EE007B6261 /* Info.plist */ = {isa = PBXFileReference; lastKnownFileType = text.plist.xml; path = Info.plist; sourceTree = "<group>"; };
		8CCEE7F1213076EF007B6261 /* HesiJimboTests.xctest */ = {isa = PBXFileReference; explicitFileType = wrapper.cfbundle; includeInIndex = 0; path = HesiJimboTests.xctest; sourceTree = BUILT_PRODUCTS_DIR; };
		8CCEE7F7213076EF007B6261 /* Info.plist */ = {isa = PBXFileReference; lastKnownFileType = text.plist.xml; path = Info.plist; sourceTree = "<group>"; };
		8CCEE7FC213076EF007B6261 /* HesiJimboUITests.xctest */ = {isa = PBXFileReference; explicitFileType = wrapper.cfbundle; includeInIndex = 0; path = HesiJimboUITests.xctest; sourceTree = BUILT_PRODUCTS_DIR; };
		8CCEE800213076EF007B6261 /* HesiJimboUITests.swift */ = {isa = PBXFileReference; lastKnownFileType = sourcecode.swift; path = HesiJimboUITests.swift; sourceTree = "<group>"; };
		8CCEE802213076EF007B6261 /* Info.plist */ = {isa = PBXFileReference; lastKnownFileType = text.plist.xml; path = Info.plist; sourceTree = "<group>"; };
		8CCEE80F2130804C007B6261 /* ReSwift.framework */ = {isa = PBXFileReference; lastKnownFileType = wrapper.framework; name = ReSwift.framework; path = Carthage/Build/iOS/ReSwift.framework; sourceTree = "<group>"; };
		8CCEE81321308268007B6261 /* StoreCreator.swift */ = {isa = PBXFileReference; lastKnownFileType = sourcecode.swift; path = StoreCreator.swift; sourceTree = "<group>"; };
		8CCEE816213084B4007B6261 /* NewsReducer.swift */ = {isa = PBXFileReference; lastKnownFileType = sourcecode.swift; path = NewsReducer.swift; sourceTree = "<group>"; };
		8CCEE81C21308C7C007B6261 /* ImmutableStruct.swift */ = {isa = PBXFileReference; lastKnownFileType = sourcecode.swift; path = ImmutableStruct.swift; sourceTree = "<group>"; };
		8CCEE81E21309463007B6261 /* ImmutableStruct.generated.swift */ = {isa = PBXFileReference; fileEncoding = 4; lastKnownFileType = sourcecode.swift; path = ImmutableStruct.generated.swift; sourceTree = "<group>"; };
		8CCEE82021309646007B6261 /* News.swift */ = {isa = PBXFileReference; lastKnownFileType = sourcecode.swift; path = News.swift; sourceTree = "<group>"; };
		8CCEE82221309A86007B6261 /* NewsReducerTests.swift */ = {isa = PBXFileReference; lastKnownFileType = sourcecode.swift; path = NewsReducerTests.swift; sourceTree = "<group>"; };
		8CCEE82421309D9E007B6261 /* AutoEquatable.generated.swift */ = {isa = PBXFileReference; fileEncoding = 4; lastKnownFileType = sourcecode.swift; path = AutoEquatable.generated.swift; sourceTree = "<group>"; };
/* End PBXFileReference section */

/* Begin PBXFrameworksBuildPhase section */
		8CCEE7D7213076ED007B6261 /* Frameworks */ = {
			isa = PBXFrameworksBuildPhase;
			buildActionMask = 2147483647;
			files = (
				8CCEE8102130804C007B6261 /* ReSwift.framework in Frameworks */,
			);
			runOnlyForDeploymentPostprocessing = 0;
		};
		8CCEE7EE213076EF007B6261 /* Frameworks */ = {
			isa = PBXFrameworksBuildPhase;
			buildActionMask = 2147483647;
			files = (
			);
			runOnlyForDeploymentPostprocessing = 0;
		};
		8CCEE7F9213076EF007B6261 /* Frameworks */ = {
			isa = PBXFrameworksBuildPhase;
			buildActionMask = 2147483647;
			files = (
			);
			runOnlyForDeploymentPostprocessing = 0;
		};
/* End PBXFrameworksBuildPhase section */

/* Begin PBXGroup section */
		8C22914B21323B9900705827 /* Reddit */ = {
			isa = PBXGroup;
			children = (
				8C22914921323A2900705827 /* RedditActions.swift */,
				8C22914C2132410800705827 /* RedditListing.swift */,
				8C22914E2132454500705827 /* RedditListings.swift */,
				8C2291472132395200705827 /* RedditMiddleware.swift */,
			);
			path = Reddit;
			sourceTree = "<group>";
		};
		8CCEE7D1213076ED007B6261 = {
			isa = PBXGroup;
			children = (
				8CCEE7DC213076ED007B6261 /* HesiJimbo */,
				8CCEE7F4213076EF007B6261 /* HesiJimboTests */,
				8CCEE7FF213076EF007B6261 /* HesiJimboUITests */,
				8CCEE7DB213076ED007B6261 /* Products */,
				8CCEE80E2130804C007B6261 /* Frameworks */,
			);
			indentWidth = 4;
			sourceTree = "<group>";
			tabWidth = 2;
			usesTabs = 1;
		};
		8CCEE7DB213076ED007B6261 /* Products */ = {
			isa = PBXGroup;
			children = (
				8CCEE7DA213076ED007B6261 /* HesiJimbo.app */,
				8CCEE7F1213076EF007B6261 /* HesiJimboTests.xctest */,
				8CCEE7FC213076EF007B6261 /* HesiJimboUITests.xctest */,
			);
			name = Products;
			sourceTree = "<group>";
		};
		8CCEE7DC213076ED007B6261 /* HesiJimbo */ = {
			isa = PBXGroup;
			children = (
				8CCEE81B21308C6D007B6261 /* Core */,
				8CCEE81921308A9C007B6261 /* Generated */,
				8CCEE812213081FB007B6261 /* Features */,
				8C22914B21323B9900705827 /* Reddit */,
				8CCEE7DD213076ED007B6261 /* AppDelegate.swift */,
				8CCEE7E7213076EE007B6261 /* Assets.xcassets */,
				8CCEE7E4213076ED007B6261 /* HesiJimbo.xcdatamodeld */,
				8CCEE7EC213076EE007B6261 /* Info.plist */,
				8CCEE7E9213076EE007B6261 /* LaunchScreen.storyboard */,
				8CCEE7E1213076ED007B6261 /* Main.storyboard */,
				8CCEE81321308268007B6261 /* StoreCreator.swift */,
				8CCEE7DF213076ED007B6261 /* ViewController.swift */,
			);
			path = HesiJimbo;
			sourceTree = "<group>";
		};
		8CCEE7F4213076EF007B6261 /* HesiJimboTests */ = {
			isa = PBXGroup;
			children = (
				8CCEE7F7213076EF007B6261 /* Info.plist */,
				8CCEE82221309A86007B6261 /* NewsReducerTests.swift */,
			);
			path = HesiJimboTests;
			sourceTree = "<group>";
		};
		8CCEE7FF213076EF007B6261 /* HesiJimboUITests */ = {
			isa = PBXGroup;
			children = (
				8CCEE800213076EF007B6261 /* HesiJimboUITests.swift */,
				8CCEE802213076EF007B6261 /* Info.plist */,
			);
			path = HesiJimboUITests;
			sourceTree = "<group>";
		};
		8CCEE80E2130804C007B6261 /* Frameworks */ = {
			isa = PBXGroup;
			children = (
				8CCEE80F2130804C007B6261 /* ReSwift.framework */,
			);
			name = Frameworks;
			sourceTree = "<group>";
		};
		8CCEE812213081FB007B6261 /* Features */ = {
			isa = PBXGroup;
			children = (
				8CCEE81521308482007B6261 /* News */,
			);
			path = Features;
			sourceTree = "<group>";
		};
		8CCEE81521308482007B6261 /* News */ = {
			isa = PBXGroup;
			children = (
				8CCEE82021309646007B6261 /* News.swift */,
				8C2291452132371700705827 /* NewsActions.swift */,
				8C2291432132137900705827 /* NewsMiddleware.swift */,
				8CCEE816213084B4007B6261 /* NewsReducer.swift */,
			);
			path = News;
			sourceTree = "<group>";
		};
		8CCEE81921308A9C007B6261 /* Generated */ = {
			isa = PBXGroup;
			children = (
				8CCEE82421309D9E007B6261 /* AutoEquatable.generated.swift */,
				8CCEE81E21309463007B6261 /* ImmutableStruct.generated.swift */,
			);
			path = Generated;
			sourceTree = "<group>";
		};
		8CCEE81B21308C6D007B6261 /* Core */ = {
			isa = PBXGroup;
			children = (
				8C229141213211ED00705827 /* AutoEquatable.swift */,
				8CCEE81C21308C7C007B6261 /* ImmutableStruct.swift */,
			);
			path = Core;
			sourceTree = "<group>";
		};
/* End PBXGroup section */

/* Begin PBXNativeTarget section */
		8CCEE7D9213076ED007B6261 /* HesiJimbo */ = {
			isa = PBXNativeTarget;
			buildConfigurationList = 8CCEE805213076EF007B6261 /* Build configuration list for PBXNativeTarget "HesiJimbo" */;
			buildPhases = (
				8CCEE818213088F8007B6261 /* Sourcery */,
				8CCEE7D6213076ED007B6261 /* Sources */,
				8CCEE7D7213076ED007B6261 /* Frameworks */,
				8CCEE8112130805C007B6261 /* Carthage */,
				8CCEE7D8213076ED007B6261 /* Resources */,
			);
			buildRules = (
			);
			dependencies = (
			);
			name = HesiJimbo;
			productName = HesiJimbo;
			productReference = 8CCEE7DA213076ED007B6261 /* HesiJimbo.app */;
			productType = "com.apple.product-type.application";
		};
		8CCEE7F0213076EF007B6261 /* HesiJimboTests */ = {
			isa = PBXNativeTarget;
			buildConfigurationList = 8CCEE808213076EF007B6261 /* Build configuration list for PBXNativeTarget "HesiJimboTests" */;
			buildPhases = (
				8CCEE7ED213076EF007B6261 /* Sources */,
				8CCEE7EE213076EF007B6261 /* Frameworks */,
				8CCEE7EF213076EF007B6261 /* Resources */,
			);
			buildRules = (
			);
			dependencies = (
				8CCEE7F3213076EF007B6261 /* PBXTargetDependency */,
			);
			name = HesiJimboTests;
			productName = HesiJimboTests;
			productReference = 8CCEE7F1213076EF007B6261 /* HesiJimboTests.xctest */;
			productType = "com.apple.product-type.bundle.unit-test";
		};
		8CCEE7FB213076EF007B6261 /* HesiJimboUITests */ = {
			isa = PBXNativeTarget;
			buildConfigurationList = 8CCEE80B213076EF007B6261 /* Build configuration list for PBXNativeTarget "HesiJimboUITests" */;
			buildPhases = (
				8CCEE7F8213076EF007B6261 /* Sources */,
				8CCEE7F9213076EF007B6261 /* Frameworks */,
				8CCEE7FA213076EF007B6261 /* Resources */,
			);
			buildRules = (
			);
			dependencies = (
				8CCEE7FE213076EF007B6261 /* PBXTargetDependency */,
			);
			name = HesiJimboUITests;
			productName = HesiJimboUITests;
			productReference = 8CCEE7FC213076EF007B6261 /* HesiJimboUITests.xctest */;
			productType = "com.apple.product-type.bundle.ui-testing";
		};
/* End PBXNativeTarget section */

/* Begin PBXProject section */
		8CCEE7D2213076ED007B6261 /* Project object */ = {
			isa = PBXProject;
			attributes = {
				LastSwiftUpdateCheck = 0940;
				LastUpgradeCheck = 0940;
				ORGANIZATIONNAME = "Amos Codes";
				TargetAttributes = {
					8CCEE7D9213076ED007B6261 = {
						CreatedOnToolsVersion = 9.4.1;
					};
					8CCEE7F0213076EF007B6261 = {
						CreatedOnToolsVersion = 9.4.1;
						TestTargetID = 8CCEE7D9213076ED007B6261;
					};
					8CCEE7FB213076EF007B6261 = {
						CreatedOnToolsVersion = 9.4.1;
						TestTargetID = 8CCEE7D9213076ED007B6261;
					};
				};
			};
			buildConfigurationList = 8CCEE7D5213076ED007B6261 /* Build configuration list for PBXProject "HesiJimbo" */;
			compatibilityVersion = "Xcode 9.3";
			developmentRegion = en;
			hasScannedForEncodings = 0;
			knownRegions = (
				en,
				Base,
			);
			mainGroup = 8CCEE7D1213076ED007B6261;
			productRefGroup = 8CCEE7DB213076ED007B6261 /* Products */;
			projectDirPath = "";
			projectRoot = "";
			targets = (
				8CCEE7D9213076ED007B6261 /* HesiJimbo */,
				8CCEE7F0213076EF007B6261 /* HesiJimboTests */,
				8CCEE7FB213076EF007B6261 /* HesiJimboUITests */,
			);
		};
/* End PBXProject section */

/* Begin PBXResourcesBuildPhase section */
		8CCEE7D8213076ED007B6261 /* Resources */ = {
			isa = PBXResourcesBuildPhase;
			buildActionMask = 2147483647;
			files = (
				8CCEE7EB213076EE007B6261 /* LaunchScreen.storyboard in Resources */,
				8CCEE7E8213076EE007B6261 /* Assets.xcassets in Resources */,
				8CCEE7E3213076ED007B6261 /* Main.storyboard in Resources */,
			);
			runOnlyForDeploymentPostprocessing = 0;
		};
		8CCEE7EF213076EF007B6261 /* Resources */ = {
			isa = PBXResourcesBuildPhase;
			buildActionMask = 2147483647;
			files = (
			);
			runOnlyForDeploymentPostprocessing = 0;
		};
		8CCEE7FA213076EF007B6261 /* Resources */ = {
			isa = PBXResourcesBuildPhase;
			buildActionMask = 2147483647;
			files = (
			);
			runOnlyForDeploymentPostprocessing = 0;
		};
/* End PBXResourcesBuildPhase section */

/* Begin PBXShellScriptBuildPhase section */
		8CCEE8112130805C007B6261 /* Carthage */ = {
			isa = PBXShellScriptBuildPhase;
			buildActionMask = 2147483647;
			files = (
			);
			inputPaths = (
				"$(SRCROOT)/Carthage/Build/iOS/ReSwift.framework",
			);
			name = Carthage;
			outputPaths = (
				"$(BUILT_PRODUCTS_DIR)/$(FRAMEWORKS_FOLDER_PATH)/ReSwift.framework",
			);
			runOnlyForDeploymentPostprocessing = 0;
			shellPath = /bin/sh;
			shellScript = "/usr/local/bin/carthage copy-frameworks";
		};
		8CCEE818213088F8007B6261 /* Sourcery */ = {
			isa = PBXShellScriptBuildPhase;
			buildActionMask = 2147483647;
			files = (
			);
			inputPaths = (
			);
			name = Sourcery;
			outputPaths = (
			);
			runOnlyForDeploymentPostprocessing = 0;
			shellPath = /bin/sh;
			shellScript = "sourcery --sources HesiJimbo --templates Templates --output HesiJimbo/Generated";
		};
/* End PBXShellScriptBuildPhase section */

/* Begin PBXSourcesBuildPhase section */
		8CCEE7D6213076ED007B6261 /* Sources */ = {
			isa = PBXSourcesBuildPhase;
			buildActionMask = 2147483647;
			files = (
				8CCEE82521309D9E007B6261 /* AutoEquatable.generated.swift in Sources */,
				8C2291442132137900705827 /* NewsMiddleware.swift in Sources */,
				8C2291462132371700705827 /* NewsActions.swift in Sources */,
				8CCEE7E0213076ED007B6261 /* ViewController.swift in Sources */,
				8CCEE7DE213076ED007B6261 /* AppDelegate.swift in Sources */,
				8CCEE7E6213076ED007B6261 /* HesiJimbo.xcdatamodeld in Sources */,
				8C22914D2132410800705827 /* RedditListing.swift in Sources */,
				8CCEE81F21309463007B6261 /* ImmutableStruct.generated.swift in Sources */,
				8C229142213211ED00705827 /* AutoEquatable.swift in Sources */,
				8C2291482132395200705827 /* RedditMiddleware.swift in Sources */,
				8C22914F2132454500705827 /* RedditListings.swift in Sources */,
				8C22914A21323A2900705827 /* RedditActions.swift in Sources */,
				8CCEE817213084B4007B6261 /* NewsReducer.swift in Sources */,
				8CCEE82121309646007B6261 /* News.swift in Sources */,
				8CCEE81421308268007B6261 /* StoreCreator.swift in Sources */,
				8CCEE81D21308C7C007B6261 /* ImmutableStruct.swift in Sources */,
			);
			runOnlyForDeploymentPostprocessing = 0;
		};
		8CCEE7ED213076EF007B6261 /* Sources */ = {
			isa = PBXSourcesBuildPhase;
			buildActionMask = 2147483647;
			files = (
				8CCEE82321309A86007B6261 /* NewsReducerTests.swift in Sources */,
			);
			runOnlyForDeploymentPostprocessing = 0;
		};
		8CCEE7F8213076EF007B6261 /* Sources */ = {
			isa = PBXSourcesBuildPhase;
			buildActionMask = 2147483647;
			files = (
				8CCEE801213076EF007B6261 /* HesiJimboUITests.swift in Sources */,
			);
			runOnlyForDeploymentPostprocessing = 0;
		};
/* End PBXSourcesBuildPhase section */

/* Begin PBXTargetDependency section */
		8CCEE7F3213076EF007B6261 /* PBXTargetDependency */ = {
			isa = PBXTargetDependency;
			target = 8CCEE7D9213076ED007B6261 /* HesiJimbo */;
			targetProxy = 8CCEE7F2213076EF007B6261 /* PBXContainerItemProxy */;
		};
		8CCEE7FE213076EF007B6261 /* PBXTargetDependency */ = {
			isa = PBXTargetDependency;
			target = 8CCEE7D9213076ED007B6261 /* HesiJimbo */;
			targetProxy = 8CCEE7FD213076EF007B6261 /* PBXContainerItemProxy */;
		};
/* End PBXTargetDependency section */

/* Begin PBXVariantGroup section */
		8CCEE7E1213076ED007B6261 /* Main.storyboard */ = {
			isa = PBXVariantGroup;
			children = (
				8CCEE7E2213076ED007B6261 /* Base */,
			);
			name = Main.storyboard;
			sourceTree = "<group>";
		};
		8CCEE7E9213076EE007B6261 /* LaunchScreen.storyboard */ = {
			isa = PBXVariantGroup;
			children = (
				8CCEE7EA213076EE007B6261 /* Base */,
			);
			name = LaunchScreen.storyboard;
			sourceTree = "<group>";
		};
/* End PBXVariantGroup section */

/* Begin XCBuildConfiguration section */
		8CCEE803213076EF007B6261 /* Debug */ = {
			isa = XCBuildConfiguration;
			buildSettings = {
				ALWAYS_SEARCH_USER_PATHS = NO;
				CLANG_ANALYZER_NONNULL = YES;
				CLANG_ANALYZER_NUMBER_OBJECT_CONVERSION = YES_AGGRESSIVE;
				CLANG_CXX_LANGUAGE_STANDARD = "gnu++14";
				CLANG_CXX_LIBRARY = "libc++";
				CLANG_ENABLE_MODULES = YES;
				CLANG_ENABLE_OBJC_ARC = YES;
				CLANG_ENABLE_OBJC_WEAK = YES;
				CLANG_WARN_BLOCK_CAPTURE_AUTORELEASING = YES;
				CLANG_WARN_BOOL_CONVERSION = YES;
				CLANG_WARN_COMMA = YES;
				CLANG_WARN_CONSTANT_CONVERSION = YES;
				CLANG_WARN_DEPRECATED_OBJC_IMPLEMENTATIONS = YES;
				CLANG_WARN_DIRECT_OBJC_ISA_USAGE = YES_ERROR;
				CLANG_WARN_DOCUMENTATION_COMMENTS = YES;
				CLANG_WARN_EMPTY_BODY = YES;
				CLANG_WARN_ENUM_CONVERSION = YES;
				CLANG_WARN_INFINITE_RECURSION = YES;
				CLANG_WARN_INT_CONVERSION = YES;
				CLANG_WARN_NON_LITERAL_NULL_CONVERSION = YES;
				CLANG_WARN_OBJC_IMPLICIT_RETAIN_SELF = YES;
				CLANG_WARN_OBJC_LITERAL_CONVERSION = YES;
				CLANG_WARN_OBJC_ROOT_CLASS = YES_ERROR;
				CLANG_WARN_RANGE_LOOP_ANALYSIS = YES;
				CLANG_WARN_STRICT_PROTOTYPES = YES;
				CLANG_WARN_SUSPICIOUS_MOVE = YES;
				CLANG_WARN_UNGUARDED_AVAILABILITY = YES_AGGRESSIVE;
				CLANG_WARN_UNREACHABLE_CODE = YES;
				CLANG_WARN__DUPLICATE_METHOD_MATCH = YES;
				CODE_SIGN_IDENTITY = "iPhone Developer";
				COPY_PHASE_STRIP = NO;
				DEBUG_INFORMATION_FORMAT = dwarf;
				ENABLE_STRICT_OBJC_MSGSEND = YES;
				ENABLE_TESTABILITY = YES;
				GCC_C_LANGUAGE_STANDARD = gnu11;
				GCC_DYNAMIC_NO_PIC = NO;
				GCC_NO_COMMON_BLOCKS = YES;
				GCC_OPTIMIZATION_LEVEL = 0;
				GCC_PREPROCESSOR_DEFINITIONS = (
					"DEBUG=1",
					"$(inherited)",
				);
				GCC_WARN_64_TO_32_BIT_CONVERSION = YES;
				GCC_WARN_ABOUT_RETURN_TYPE = YES_ERROR;
				GCC_WARN_UNDECLARED_SELECTOR = YES;
				GCC_WARN_UNINITIALIZED_AUTOS = YES_AGGRESSIVE;
				GCC_WARN_UNUSED_FUNCTION = YES;
				GCC_WARN_UNUSED_VARIABLE = YES;
				IPHONEOS_DEPLOYMENT_TARGET = 11.4;
				MTL_ENABLE_DEBUG_INFO = YES;
				ONLY_ACTIVE_ARCH = YES;
				SDKROOT = iphoneos;
				SWIFT_ACTIVE_COMPILATION_CONDITIONS = DEBUG;
				SWIFT_OPTIMIZATION_LEVEL = "-Onone";
			};
			name = Debug;
		};
		8CCEE804213076EF007B6261 /* Release */ = {
			isa = XCBuildConfiguration;
			buildSettings = {
				ALWAYS_SEARCH_USER_PATHS = NO;
				CLANG_ANALYZER_NONNULL = YES;
				CLANG_ANALYZER_NUMBER_OBJECT_CONVERSION = YES_AGGRESSIVE;
				CLANG_CXX_LANGUAGE_STANDARD = "gnu++14";
				CLANG_CXX_LIBRARY = "libc++";
				CLANG_ENABLE_MODULES = YES;
				CLANG_ENABLE_OBJC_ARC = YES;
				CLANG_ENABLE_OBJC_WEAK = YES;
				CLANG_WARN_BLOCK_CAPTURE_AUTORELEASING = YES;
				CLANG_WARN_BOOL_CONVERSION = YES;
				CLANG_WARN_COMMA = YES;
				CLANG_WARN_CONSTANT_CONVERSION = YES;
				CLANG_WARN_DEPRECATED_OBJC_IMPLEMENTATIONS = YES;
				CLANG_WARN_DIRECT_OBJC_ISA_USAGE = YES_ERROR;
				CLANG_WARN_DOCUMENTATION_COMMENTS = YES;
				CLANG_WARN_EMPTY_BODY = YES;
				CLANG_WARN_ENUM_CONVERSION = YES;
				CLANG_WARN_INFINITE_RECURSION = YES;
				CLANG_WARN_INT_CONVERSION = YES;
				CLANG_WARN_NON_LITERAL_NULL_CONVERSION = YES;
				CLANG_WARN_OBJC_IMPLICIT_RETAIN_SELF = YES;
				CLANG_WARN_OBJC_LITERAL_CONVERSION = YES;
				CLANG_WARN_OBJC_ROOT_CLASS = YES_ERROR;
				CLANG_WARN_RANGE_LOOP_ANALYSIS = YES;
				CLANG_WARN_STRICT_PROTOTYPES = YES;
				CLANG_WARN_SUSPICIOUS_MOVE = YES;
				CLANG_WARN_UNGUARDED_AVAILABILITY = YES_AGGRESSIVE;
				CLANG_WARN_UNREACHABLE_CODE = YES;
				CLANG_WARN__DUPLICATE_METHOD_MATCH = YES;
				CODE_SIGN_IDENTITY = "iPhone Developer";
				COPY_PHASE_STRIP = NO;
				DEBUG_INFORMATION_FORMAT = "dwarf-with-dsym";
				ENABLE_NS_ASSERTIONS = NO;
				ENABLE_STRICT_OBJC_MSGSEND = YES;
				GCC_C_LANGUAGE_STANDARD = gnu11;
				GCC_NO_COMMON_BLOCKS = YES;
				GCC_WARN_64_TO_32_BIT_CONVERSION = YES;
				GCC_WARN_ABOUT_RETURN_TYPE = YES_ERROR;
				GCC_WARN_UNDECLARED_SELECTOR = YES;
				GCC_WARN_UNINITIALIZED_AUTOS = YES_AGGRESSIVE;
				GCC_WARN_UNUSED_FUNCTION = YES;
				GCC_WARN_UNUSED_VARIABLE = YES;
				IPHONEOS_DEPLOYMENT_TARGET = 11.4;
				MTL_ENABLE_DEBUG_INFO = NO;
				SDKROOT = iphoneos;
				SWIFT_COMPILATION_MODE = wholemodule;
				SWIFT_OPTIMIZATION_LEVEL = "-O";
				VALIDATE_PRODUCT = YES;
			};
			name = Release;
		};
		8CCEE806213076EF007B6261 /* Debug */ = {
			isa = XCBuildConfiguration;
			buildSettings = {
				ASSETCATALOG_COMPILER_APPICON_NAME = AppIcon;
				CODE_SIGN_STYLE = Automatic;
				DEVELOPMENT_TEAM = C974G5D47X;
				FRAMEWORK_SEARCH_PATHS = (
					"$(inherited)",
					"$(PROJECT_DIR)/Carthage/Build/iOS",
				);
				INFOPLIST_FILE = HesiJimbo/Info.plist;
				LD_RUNPATH_SEARCH_PATHS = (
					"$(inherited)",
					"@executable_path/Frameworks",
				);
				PRODUCT_BUNDLE_IDENTIFIER = codes.amos.HesiJimbo;
				PRODUCT_NAME = "$(TARGET_NAME)";
				SWIFT_VERSION = 4.0;
				TARGETED_DEVICE_FAMILY = "1,2";
			};
			name = Debug;
		};
		8CCEE807213076EF007B6261 /* Release */ = {
			isa = XCBuildConfiguration;
			buildSettings = {
				ASSETCATALOG_COMPILER_APPICON_NAME = AppIcon;
				CODE_SIGN_STYLE = Automatic;
				DEVELOPMENT_TEAM = C974G5D47X;
				FRAMEWORK_SEARCH_PATHS = (
					"$(inherited)",
					"$(PROJECT_DIR)/Carthage/Build/iOS",
				);
				INFOPLIST_FILE = HesiJimbo/Info.plist;
				LD_RUNPATH_SEARCH_PATHS = (
					"$(inherited)",
					"@executable_path/Frameworks",
				);
				PRODUCT_BUNDLE_IDENTIFIER = codes.amos.HesiJimbo;
				PRODUCT_NAME = "$(TARGET_NAME)";
				SWIFT_VERSION = 4.0;
				TARGETED_DEVICE_FAMILY = "1,2";
			};
			name = Release;
		};
		8CCEE809213076EF007B6261 /* Debug */ = {
			isa = XCBuildConfiguration;
			buildSettings = {
				ALWAYS_EMBED_SWIFT_STANDARD_LIBRARIES = YES;
				BUNDLE_LOADER = "$(TEST_HOST)";
				CODE_SIGN_STYLE = Automatic;
				DEVELOPMENT_TEAM = 46A8N9K87E;
				INFOPLIST_FILE = HesiJimboTests/Info.plist;
				LD_RUNPATH_SEARCH_PATHS = (
					"$(inherited)",
					"@executable_path/Frameworks",
					"@loader_path/Frameworks",
				);
				PRODUCT_BUNDLE_IDENTIFIER = codes.amos.HesiJimboTests;
				PRODUCT_NAME = "$(TARGET_NAME)";
				SWIFT_VERSION = 4.0;
				TARGETED_DEVICE_FAMILY = "1,2";
				TEST_HOST = "$(BUILT_PRODUCTS_DIR)/HesiJimbo.app/HesiJimbo";
			};
			name = Debug;
		};
		8CCEE80A213076EF007B6261 /* Release */ = {
			isa = XCBuildConfiguration;
			buildSettings = {
				ALWAYS_EMBED_SWIFT_STANDARD_LIBRARIES = YES;
				BUNDLE_LOADER = "$(TEST_HOST)";
				CODE_SIGN_STYLE = Automatic;
				DEVELOPMENT_TEAM = 46A8N9K87E;
				INFOPLIST_FILE = HesiJimboTests/Info.plist;
				LD_RUNPATH_SEARCH_PATHS = (
					"$(inherited)",
					"@executable_path/Frameworks",
					"@loader_path/Frameworks",
				);
				PRODUCT_BUNDLE_IDENTIFIER = codes.amos.HesiJimboTests;
				PRODUCT_NAME = "$(TARGET_NAME)";
				SWIFT_VERSION = 4.0;
				TARGETED_DEVICE_FAMILY = "1,2";
				TEST_HOST = "$(BUILT_PRODUCTS_DIR)/HesiJimbo.app/HesiJimbo";
			};
			name = Release;
		};
		8CCEE80C213076EF007B6261 /* Debug */ = {
			isa = XCBuildConfiguration;
			buildSettings = {
				ALWAYS_EMBED_SWIFT_STANDARD_LIBRARIES = YES;
				CODE_SIGN_STYLE = Automatic;
				DEVELOPMENT_TEAM = 46A8N9K87E;
				INFOPLIST_FILE = HesiJimboUITests/Info.plist;
				LD_RUNPATH_SEARCH_PATHS = (
					"$(inherited)",
					"@executable_path/Frameworks",
					"@loader_path/Frameworks",
				);
				PRODUCT_BUNDLE_IDENTIFIER = codes.amos.HesiJimboUITests;
				PRODUCT_NAME = "$(TARGET_NAME)";
				SWIFT_VERSION = 4.0;
				TARGETED_DEVICE_FAMILY = "1,2";
				TEST_TARGET_NAME = HesiJimbo;
			};
			name = Debug;
		};
		8CCEE80D213076EF007B6261 /* Release */ = {
			isa = XCBuildConfiguration;
			buildSettings = {
				ALWAYS_EMBED_SWIFT_STANDARD_LIBRARIES = YES;
				CODE_SIGN_STYLE = Automatic;
				DEVELOPMENT_TEAM = 46A8N9K87E;
				INFOPLIST_FILE = HesiJimboUITests/Info.plist;
				LD_RUNPATH_SEARCH_PATHS = (
					"$(inherited)",
					"@executable_path/Frameworks",
					"@loader_path/Frameworks",
				);
				PRODUCT_BUNDLE_IDENTIFIER = codes.amos.HesiJimboUITests;
				PRODUCT_NAME = "$(TARGET_NAME)";
				SWIFT_VERSION = 4.0;
				TARGETED_DEVICE_FAMILY = "1,2";
				TEST_TARGET_NAME = HesiJimbo;
			};
			name = Release;
		};
/* End XCBuildConfiguration section */

/* Begin XCConfigurationList section */
		8CCEE7D5213076ED007B6261 /* Build configuration list for PBXProject "HesiJimbo" */ = {
			isa = XCConfigurationList;
			buildConfigurations = (
				8CCEE803213076EF007B6261 /* Debug */,
				8CCEE804213076EF007B6261 /* Release */,
			);
			defaultConfigurationIsVisible = 0;
			defaultConfigurationName = Release;
		};
		8CCEE805213076EF007B6261 /* Build configuration list for PBXNativeTarget "HesiJimbo" */ = {
			isa = XCConfigurationList;
			buildConfigurations = (
				8CCEE806213076EF007B6261 /* Debug */,
				8CCEE807213076EF007B6261 /* Release */,
			);
			defaultConfigurationIsVisible = 0;
			defaultConfigurationName = Release;
		};
		8CCEE808213076EF007B6261 /* Build configuration list for PBXNativeTarget "HesiJimboTests" */ = {
			isa = XCConfigurationList;
			buildConfigurations = (
				8CCEE809213076EF007B6261 /* Debug */,
				8CCEE80A213076EF007B6261 /* Release */,
			);
			defaultConfigurationIsVisible = 0;
			defaultConfigurationName = Release;
		};
		8CCEE80B213076EF007B6261 /* Build configuration list for PBXNativeTarget "HesiJimboUITests" */ = {
			isa = XCConfigurationList;
			buildConfigurations = (
				8CCEE80C213076EF007B6261 /* Debug */,
				8CCEE80D213076EF007B6261 /* Release */,
			);
			defaultConfigurationIsVisible = 0;
			defaultConfigurationName = Release;
		};
/* End XCConfigurationList section */

/* Begin XCVersionGroup section */
		8CCEE7E4213076ED007B6261 /* HesiJimbo.xcdatamodeld */ = {
			isa = XCVersionGroup;
			children = (
				8CCEE7E5213076ED007B6261 /* HesiJimbo.xcdatamodel */,
			);
			currentVersion = 8CCEE7E5213076ED007B6261 /* HesiJimbo.xcdatamodel */;
			path = HesiJimbo.xcdatamodeld;
			sourceTree = "<group>";
			versionGroupType = wrapper.xcdatamodel;
		};
/* End XCVersionGroup section */
	};
	rootObject = 8CCEE7D2213076ED007B6261 /* Project object */;
}
